{
  "name": "codex-plugin-cc",
  "version": "0.1.0",
  "lockfileVersion": 3,
  "requires": true,
  "packages": {
    "": {
      "name": "codex-plugin-cc",
      "version": "0.1.0",
      "license": "Apache-2.0",
      "bin": {
        "codex-claude-review": "scripts/claude-review-companion.mjs"
      },
      "engines": {
        "node": ">=18.18.0"
      }
    }
  }
}
